
Microsoft Visual Studio Solution File, Format Version 12.00
# Visual Studio 15
VisualStudioVersion = 15.0.27130.2024
MinimumVisualStudioVersion = 10.0.40219.1
Project("{FAE04EC0-301F-11D3-BF4B-00C04F79EFBC}") = "MQChatter", "Builder\MQChatter.csproj", "{7F6029D3-DED9-4E61-B880-CDEF6A771698}"
EndProject
Global
	GlobalSection(SolutionConfigurationPlatforms) = preSolution
		Debug|Any CPU = Debug|Any CPU
		Release|Any CPU = Release|Any CPU
	EndGlobalSection
	GlobalSection(ProjectConfigurationPlatforms) = postSolution
		{7F6029D3-DED9-4E61-B880-CDEF6A771698}.Debug|Any CPU.ActiveCfg = Debug|Any CPU
		{7F6029D3-DED9-4E61-B880-CDEF6A771698}.Debug|Any CPU.Build.0 = Debug|Any CPU
		{7F6029D3-DED9-4E61-B880-CDEF6A771698}.Release|Any CPU.ActiveCfg = Release|Any CPU
		{7F6029D3-DED9-4E61-B880-CDEF6A771698}.Release|Any CPU.Build.0 = Release|Any CPU
	EndGlobalSection
	GlobalSection(SolutionProperties) = preSolution
		HideSolutionNode = FALSE
	EndGlobalSection
	GlobalSection(ExtensibilityGlobals) = postSolution
		SolutionGuid = {FF9C4E30-CE74-46F5-AB5A-CAFD10EE792B}
	EndGlobalSection
EndGlobal
